
Microsoft Visual Studio Solution File, Format Version 12.00
Project("{FAE04EC0-301F-11D3-BF4B-00C04F79EFBC}") = "Collections", "Collections\Collections.csproj", "{5F6EBBCD-6C7C-46BE-AE51-0053D38145B7}"
EndProject
Project("{FAE04EC0-301F-11D3-BF4B-00C04F79EFBC}") = "Collections.Tests", "Collections.Tests\Collections.Tests.csproj", "{38BDB0D9-E35A-4DAE-AE06-F6F195304230}"
EndProject
Project("{FAE04EC0-301F-11D3-BF4B-00C04F79EFBC}") = "ResultTypes", "ResultTypes\ResultTypes.csproj", "{41FF63B1-9C51-47BC-95DF-6FF4631163E9}"
EndProject
Project("{FAE04EC0-301F-11D3-BF4B-00C04F79EFBC}") = "ResultTypes.Tests", "ResultTypes.Tests\ResultTypes.Tests.csproj", "{9086591D-C6B3-4ADD-AFD7-3DB91492A351}"
EndProject
Project("{FAE04EC0-301F-11D3-BF4B-00C04F79EFBC}") = "ResultTypes.CodeAnalysis", "ResultTypes.CodeAnalysis\ResultTypes.CodeAnalysis.csproj", "{800BB0F3-166B-4FE8-B8B9-94E680387A8F}"
EndProject
Project("{FAE04EC0-301F-11D3-BF4B-00C04F79EFBC}") = "ResultTypes.Playground", "ResultTypes.Playground\ResultTypes.Playground.csproj", "{CC007E9C-1C47-4CD5-957B-62CF762E88E5}"
EndProject
Project("{FAE04EC0-301F-11D3-BF4B-00C04F79EFBC}") = "ResultTypes.CodeAnalysis.Tests", "ResultTypes.CodeAnalysis.Tests\ResultTypes.CodeAnalysis.Tests.csproj", "{2E56B21E-0FFA-4C04-97BB-A5119CA20B01}"
EndProject
Project("{FAE04EC0-301F-11D3-BF4B-00C04F79EFBC}") = "Relations.Playground", "Relations.Playground\Relations.Playground.csproj", "{8E818A31-2D6D-4BDD-8329-820BC3C930C9}"
EndProject
Project("{FAE04EC0-301F-11D3-BF4B-00C04F79EFBC}") = "CodeAnalysis.Testing", "CodeAnalysis.Testing\CodeAnalysis.Testing.csproj", "{BE3F235F-7C06-4819-BAF1-A52A680E71D6}"
EndProject
Project("{FAE04EC0-301F-11D3-BF4B-00C04F79EFBC}") = "RandomNumbers", "RandomNumbers\RandomNumbers.csproj", "{686B940B-EA80-4E5A-8B8E-FF7ECB6B0541}"
EndProject
Project("{FAE04EC0-301F-11D3-BF4B-00C04F79EFBC}") = "RandomNumbers.Tests", "RandomNumbers.Tests\RandomNumbers.Tests.csproj", "{24937B82-EA1B-41B2-9537-645DB7EC3C12}"
EndProject
Project("{FAE04EC0-301F-11D3-BF4B-00C04F79EFBC}") = "RandomNumbers.Analysis", "RandomNumbers.Analysis\RandomNumbers.Analysis.csproj", "{1E868A54-2209-4776-8C4C-BBD0FAFB53E2}"
EndProject
Project("{FAE04EC0-301F-11D3-BF4B-00C04F79EFBC}") = "Noise", "Noise\Noise.csproj", "{87A75F08-70C1-4124-9FFB-E0B2DF53C976}"
EndProject
Project("{FAE04EC0-301F-11D3-BF4B-00C04F79EFBC}") = "Noise.Tests", "Noise.Tests\Noise.Tests.csproj", "{E49056BD-1223-48F5-B360-5A3F6A9EE6A9}"
EndProject
Global
	GlobalSection(SolutionConfigurationPlatforms) = preSolution
		Debug|Any CPU = Debug|Any CPU
		Release|Any CPU = Release|Any CPU
	EndGlobalSection
	GlobalSection(ProjectConfigurationPlatforms) = postSolution
		{5F6EBBCD-6C7C-46BE-AE51-0053D38145B7}.Debug|Any CPU.ActiveCfg = Debug|Any CPU
		{5F6EBBCD-6C7C-46BE-AE51-0053D38145B7}.Debug|Any CPU.Build.0 = Debug|Any CPU
		{5F6EBBCD-6C7C-46BE-AE51-0053D38145B7}.Release|Any CPU.ActiveCfg = Release|Any CPU
		{5F6EBBCD-6C7C-46BE-AE51-0053D38145B7}.Release|Any CPU.Build.0 = Release|Any CPU
		{38BDB0D9-E35A-4DAE-AE06-F6F195304230}.Debug|Any CPU.ActiveCfg = Debug|Any CPU
		{38BDB0D9-E35A-4DAE-AE06-F6F195304230}.Debug|Any CPU.Build.0 = Debug|Any CPU
		{38BDB0D9-E35A-4DAE-AE06-F6F195304230}.Release|Any CPU.ActiveCfg = Release|Any CPU
		{38BDB0D9-E35A-4DAE-AE06-F6F195304230}.Release|Any CPU.Build.0 = Release|Any CPU
		{41FF63B1-9C51-47BC-95DF-6FF4631163E9}.Debug|Any CPU.ActiveCfg = Debug|Any CPU
		{41FF63B1-9C51-47BC-95DF-6FF4631163E9}.Debug|Any CPU.Build.0 = Debug|Any CPU
		{41FF63B1-9C51-47BC-95DF-6FF4631163E9}.Release|Any CPU.ActiveCfg = Release|Any CPU
		{41FF63B1-9C51-47BC-95DF-6FF4631163E9}.Release|Any CPU.Build.0 = Release|Any CPU
		{9086591D-C6B3-4ADD-AFD7-3DB91492A351}.Debug|Any CPU.ActiveCfg = Debug|Any CPU
		{9086591D-C6B3-4ADD-AFD7-3DB91492A351}.Debug|Any CPU.Build.0 = Debug|Any CPU
		{9086591D-C6B3-4ADD-AFD7-3DB91492A351}.Release|Any CPU.ActiveCfg = Release|Any CPU
		{9086591D-C6B3-4ADD-AFD7-3DB91492A351}.Release|Any CPU.Build.0 = Release|Any CPU
		{800BB0F3-166B-4FE8-B8B9-94E680387A8F}.Debug|Any CPU.ActiveCfg = Debug|Any CPU
		{800BB0F3-166B-4FE8-B8B9-94E680387A8F}.Debug|Any CPU.Build.0 = Debug|Any CPU
		{800BB0F3-166B-4FE8-B8B9-94E680387A8F}.Release|Any CPU.ActiveCfg = Release|Any CPU
		{800BB0F3-166B-4FE8-B8B9-94E680387A8F}.Release|Any CPU.Build.0 = Release|Any CPU
		{CC007E9C-1C47-4CD5-957B-62CF762E88E5}.Debug|Any CPU.ActiveCfg = Debug|Any CPU
		{CC007E9C-1C47-4CD5-957B-62CF762E88E5}.Debug|Any CPU.Build.0 = Debug|Any CPU
		{CC007E9C-1C47-4CD5-957B-62CF762E88E5}.Release|Any CPU.ActiveCfg = Release|Any CPU
		{CC007E9C-1C47-4CD5-957B-62CF762E88E5}.Release|Any CPU.Build.0 = Release|Any CPU
		{2E56B21E-0FFA-4C04-97BB-A5119CA20B01}.Debug|Any CPU.ActiveCfg = Debug|Any CPU
		{2E56B21E-0FFA-4C04-97BB-A5119CA20B01}.Debug|Any CPU.Build.0 = Debug|Any CPU
		{2E56B21E-0FFA-4C04-97BB-A5119CA20B01}.Release|Any CPU.ActiveCfg = Release|Any CPU
		{2E56B21E-0FFA-4C04-97BB-A5119CA20B01}.Release|Any CPU.Build.0 = Release|Any CPU
		{8E818A31-2D6D-4BDD-8329-820BC3C930C9}.Debug|Any CPU.ActiveCfg = Debug|Any CPU
		{8E818A31-2D6D-4BDD-8329-820BC3C930C9}.Debug|Any CPU.Build.0 = Debug|Any CPU
		{8E818A31-2D6D-4BDD-8329-820BC3C930C9}.Release|Any CPU.ActiveCfg = Release|Any CPU
		{8E818A31-2D6D-4BDD-8329-820BC3C930C9}.Release|Any CPU.Build.0 = Release|Any CPU
		{BE3F235F-7C06-4819-BAF1-A52A680E71D6}.Debug|Any CPU.ActiveCfg = Debug|Any CPU
		{BE3F235F-7C06-4819-BAF1-A52A680E71D6}.Debug|Any CPU.Build.0 = Debug|Any CPU
		{BE3F235F-7C06-4819-BAF1-A52A680E71D6}.Release|Any CPU.ActiveCfg = Release|Any CPU
		{BE3F235F-7C06-4819-BAF1-A52A680E71D6}.Release|Any CPU.Build.0 = Release|Any CPU
		{686B940B-EA80-4E5A-8B8E-FF7ECB6B0541}.Debug|Any CPU.ActiveCfg = Debug|Any CPU
		{686B940B-EA80-4E5A-8B8E-FF7ECB6B0541}.Debug|Any CPU.Build.0 = Debug|Any CPU
		{686B940B-EA80-4E5A-8B8E-FF7ECB6B0541}.Release|Any CPU.ActiveCfg = Release|Any CPU
		{686B940B-EA80-4E5A-8B8E-FF7ECB6B0541}.Release|Any CPU.Build.0 = Release|Any CPU
		{24937B82-EA1B-41B2-9537-645DB7EC3C12}.Debug|Any CPU.ActiveCfg = Debug|Any CPU
		{24937B82-EA1B-41B2-9537-645DB7EC3C12}.Debug|Any CPU.Build.0 = Debug|Any CPU
		{24937B82-EA1B-41B2-9537-645DB7EC3C12}.Release|Any CPU.ActiveCfg = Release|Any CPU
		{24937B82-EA1B-41B2-9537-645DB7EC3C12}.Release|Any CPU.Build.0 = Release|Any CPU
		{1E868A54-2209-4776-8C4C-BBD0FAFB53E2}.Debug|Any CPU.ActiveCfg = Debug|Any CPU
		{1E868A54-2209-4776-8C4C-BBD0FAFB53E2}.Debug|Any CPU.Build.0 = Debug|Any CPU
		{1E868A54-2209-4776-8C4C-BBD0FAFB53E2}.Release|Any CPU.ActiveCfg = Release|Any CPU
		{1E868A54-2209-4776-8C4C-BBD0FAFB53E2}.Release|Any CPU.Build.0 = Release|Any CPU
		{87A75F08-70C1-4124-9FFB-E0B2DF53C976}.Debug|Any CPU.ActiveCfg = Debug|Any CPU
		{87A75F08-70C1-4124-9FFB-E0B2DF53C976}.Debug|Any CPU.Build.0 = Debug|Any CPU
		{87A75F08-70C1-4124-9FFB-E0B2DF53C976}.Release|Any CPU.ActiveCfg = Release|Any CPU
		{87A75F08-70C1-4124-9FFB-E0B2DF53C976}.Release|Any CPU.Build.0 = Release|Any CPU
		{E49056BD-1223-48F5-B360-5A3F6A9EE6A9}.Debug|Any CPU.ActiveCfg = Debug|Any CPU
		{E49056BD-1223-48F5-B360-5A3F6A9EE6A9}.Debug|Any CPU.Build.0 = Debug|Any CPU
		{E49056BD-1223-48F5-B360-5A3F6A9EE6A9}.Release|Any CPU.ActiveCfg = Release|Any CPU
		{E49056BD-1223-48F5-B360-5A3F6A9EE6A9}.Release|Any CPU.Build.0 = Release|Any CPU
	EndGlobalSection
EndGlobal
