
Microsoft Visual Studio Solution File, Format Version 12.00
Project("{FAE04EC0-301F-11D3-BF4B-00C04F79EFBC}") = "Collections", "Collections\Collections.csproj", "{5F6EBBCD-6C7C-46BE-AE51-0053D38145B7}"
EndProject
Project("{FAE04EC0-301F-11D3-BF4B-00C04F79EFBC}") = "Collections.Tests", "Collections.Tests\Collections.Tests.csproj", "{38BDB0D9-E35A-4DAE-AE06-F6F195304230}"
EndProject
Project("{FAE04EC0-301F-11D3-BF4B-00C04F79EFBC}") = "ResultTypes", "ResultTypes\ResultTypes.csproj", "{41FF63B1-9C51-47BC-95DF-6FF4631163E9}"
EndProject
Project("{FAE04EC0-301F-11D3-BF4B-00C04F79EFBC}") = "ResultTypes.Tests", "ResultTypes.Tests\ResultTypes.Tests.csproj", "{9086591D-C6B3-4ADD-AFD7-3DB91492A351}"
EndProject
Project("{FAE04EC0-301F-11D3-BF4B-00C04F79EFBC}") = "ResultTypes.CodeAnalysis", "ResultTypes.CodeAnalysis\ResultTypes.CodeAnalysis.csproj", "{800BB0F3-166B-4FE8-B8B9-94E680387A8F}"
EndProject
Global
	GlobalSection(SolutionConfigurationPlatforms) = preSolution
		Debug|Any CPU = Debug|Any CPU
		Release|Any CPU = Release|Any CPU
	EndGlobalSection
	GlobalSection(ProjectConfigurationPlatforms) = postSolution
		{5F6EBBCD-6C7C-46BE-AE51-0053D38145B7}.Debug|Any CPU.ActiveCfg = Debug|Any CPU
		{5F6EBBCD-6C7C-46BE-AE51-0053D38145B7}.Debug|Any CPU.Build.0 = Debug|Any CPU
		{5F6EBBCD-6C7C-46BE-AE51-0053D38145B7}.Release|Any CPU.ActiveCfg = Release|Any CPU
		{5F6EBBCD-6C7C-46BE-AE51-0053D38145B7}.Release|Any CPU.Build.0 = Release|Any CPU
		{38BDB0D9-E35A-4DAE-AE06-F6F195304230}.Debug|Any CPU.ActiveCfg = Debug|Any CPU
		{38BDB0D9-E35A-4DAE-AE06-F6F195304230}.Debug|Any CPU.Build.0 = Debug|Any CPU
		{38BDB0D9-E35A-4DAE-AE06-F6F195304230}.Release|Any CPU.ActiveCfg = Release|Any CPU
		{38BDB0D9-E35A-4DAE-AE06-F6F195304230}.Release|Any CPU.Build.0 = Release|Any CPU
		{41FF63B1-9C51-47BC-95DF-6FF4631163E9}.Debug|Any CPU.ActiveCfg = Debug|Any CPU
		{41FF63B1-9C51-47BC-95DF-6FF4631163E9}.Debug|Any CPU.Build.0 = Debug|Any CPU
		{41FF63B1-9C51-47BC-95DF-6FF4631163E9}.Release|Any CPU.ActiveCfg = Release|Any CPU
		{41FF63B1-9C51-47BC-95DF-6FF4631163E9}.Release|Any CPU.Build.0 = Release|Any CPU
		{9086591D-C6B3-4ADD-AFD7-3DB91492A351}.Debug|Any CPU.ActiveCfg = Debug|Any CPU
		{9086591D-C6B3-4ADD-AFD7-3DB91492A351}.Debug|Any CPU.Build.0 = Debug|Any CPU
		{9086591D-C6B3-4ADD-AFD7-3DB91492A351}.Release|Any CPU.ActiveCfg = Release|Any CPU
		{9086591D-C6B3-4ADD-AFD7-3DB91492A351}.Release|Any CPU.Build.0 = Release|Any CPU
		{800BB0F3-166B-4FE8-B8B9-94E680387A8F}.Debug|Any CPU.ActiveCfg = Debug|Any CPU
		{800BB0F3-166B-4FE8-B8B9-94E680387A8F}.Debug|Any CPU.Build.0 = Debug|Any CPU
		{800BB0F3-166B-4FE8-B8B9-94E680387A8F}.Release|Any CPU.ActiveCfg = Release|Any CPU
		{800BB0F3-166B-4FE8-B8B9-94E680387A8F}.Release|Any CPU.Build.0 = Release|Any CPU
	EndGlobalSection
EndGlobal
